PODS:
  - Alamofire (4.7.0)
  - Crashlytics (3.10.1):
    - Fabric (~> 1.7.5)
  - Fabric (1.7.5)
  - GoogleMaps (2.6.0):
    - GoogleMaps/Maps (= 2.6.0)
  - GoogleMaps/Base (2.6.0)
  - GoogleMaps/Maps (2.6.0):
    - GoogleMaps/Base
  - GooglePlaces (2.6.0):
    - GoogleMaps/Base (= 2.6.0)
  - SwiftLint (0.25.0)

DEPENDENCIES:
  - Alamofire
  - Crashlytics
  - Fabric
  - GoogleMaps
  - GooglePlaces
  - SwiftLint

SPEC REPOS:
  https://github.com/CocoaPods/Specs.git:
    - Alamofire
    - Crashlytics
    - Fabric
    - GoogleMaps
    - GooglePlaces
    - SwiftLint

SPEC CHECKSUMS:
  Alamofire: 907e0a98eb68cdb7f9d1f541a563d6ac5dc77b25
  Crashlytics: aee1a064cbbf99b32efa3f056a5f458d846bc8ff
  Fabric: ae7146a5f505ea370a1e44820b4b1dc8890e2890
  GoogleMaps: 42f91c68b7fa2f84d5c86597b18ceb99f5414c7f
  GooglePlaces: f6ddf33b75cef69e888907d9947c57198ed845f3
  SwiftLint: e14651157288e9e01d6e1a71db7014fb5744a8ea

PODFILE CHECKSUM: 28ed09982d6110329eb68a2e35ad0d4bc599da9a

COCOAPODS: 1.5.0
