// !$*UTF8*$!
{
	archiveVersion = 1;
	classes = {
	};
	objectVersion = 50;
	objects = {

/* Begin PBXBuildFile section */
		0A09C40820AA90E1007D3EBE /* RouteTableViewCell.swift in Sources */ = {isa = PBXBuildFile; fileRef = 0A09C40620AA90E1007D3EBE /* RouteTableViewCell.swift */; };
		0A09C40920AA90E1007D3EBE /* RouteTableViewCell.xib in Resources */ = {isa = PBXBuildFile; fileRef = 0A09C40720AA90E1007D3EBE /* RouteTableViewCell.xib */; };
		0A15FBFC20C4D70900ABFAAD /* GoogleService-Info.plist in Resources */ = {isa = PBXBuildFile; fileRef = 0A15FBFB20C4D70900ABFAAD /* GoogleService-Info.plist */; };
		0A16D9E82099A6D600EEBB4F /* RouteManager.swift in Sources */ = {isa = PBXBuildFile; fileRef = 0A16D9E72099A6D600EEBB4F /* RouteManager.swift */; };
		0A16D9EA2099C4BE00EEBB4F /* Route.swift in Sources */ = {isa = PBXBuildFile; fileRef = 0A16D9E92099C4BE00EEBB4F /* Route.swift */; };
		0A33C0372096FC3D00C9ED7E /* Constant.swift in Sources */ = {isa = PBXBuildFile; fileRef = 0A33C0362096FC3D00C9ED7E /* Constant.swift */; };
		0A67E47C20A1511B00070EBD /* YouBikeStations.json in Resources */ = {isa = PBXBuildFile; fileRef = 0A67E47B20A1511B00070EBD /* YouBikeStations.json */; };
		0A67E47E20A1519B00070EBD /* YoubikeManager.swift in Sources */ = {isa = PBXBuildFile; fileRef = 0A67E47D20A1519B00070EBD /* YoubikeManager.swift */; };
		0A6EDBE52096AE00004BBF3C /* AppDelegate.swift in Sources */ = {isa = PBXBuildFile; fileRef = 0A6EDBE42096AE00004BBF3C /* AppDelegate.swift */; };
		0A6EDBE72096AE00004BBF3C /* MapViewController.swift in Sources */ = {isa = PBXBuildFile; fileRef = 0A6EDBE62096AE00004BBF3C /* MapViewController.swift */; };
		0A6EDBEA2096AE00004BBF3C /* Main.storyboard in Resources */ = {isa = PBXBuildFile; fileRef = 0A6EDBE82096AE00004BBF3C /* Main.storyboard */; };
		0A6EDBEC2096AE03004BBF3C /* Assets.xcassets in Resources */ = {isa = PBXBuildFile; fileRef = 0A6EDBEB2096AE03004BBF3C /* Assets.xcassets */; };
		0A6EDBEF2096AE03004BBF3C /* LaunchScreen.storyboard in Resources */ = {isa = PBXBuildFile; fileRef = 0A6EDBED2096AE03004BBF3C /* LaunchScreen.storyboard */; };
		0A8AD1DA20AED52E00D91BE6 /* RouteDetailTableViewCell.swift in Sources */ = {isa = PBXBuildFile; fileRef = 0A8AD1D820AED52D00D91BE6 /* RouteDetailTableViewCell.swift */; };
		0A8AD1DB20AED52E00D91BE6 /* RouteDetailTableViewCell.xib in Resources */ = {isa = PBXBuildFile; fileRef = 0A8AD1D920AED52D00D91BE6 /* RouteDetailTableViewCell.xib */; };
		0A900FFF20BD3E0700EA412E /* BusInfo.swift in Sources */ = {isa = PBXBuildFile; fileRef = 0A900FFE20BD3E0700EA412E /* BusInfo.swift */; };
		0A90100220BE407B00EA412E /* BusStopInfoTableViewCell.swift in Sources */ = {isa = PBXBuildFile; fileRef = 0A90100020BE407A00EA412E /* BusStopInfoTableViewCell.swift */; };
		0A90100320BE407B00EA412E /* BusStopInfoTableViewCell.xib in Resources */ = {isa = PBXBuildFile; fileRef = 0A90100120BE407A00EA412E /* BusStopInfoTableViewCell.xib */; };
		0A90100B20C0D21300EA412E /* GoogleService-Info.plist in Resources */ = {isa = PBXBuildFile; fileRef = 0A90100A20C0D21200EA412E /* GoogleService-Info.plist */; };
		0AB819AC209AFB3700160842 /* RouteViewController.swift in Sources */ = {isa = PBXBuildFile; fileRef = 0AB819AB209AFB3700160842 /* RouteViewController.swift */; };
		0AEBDA2A20B25042005AD454 /* BusInfoViewController.swift in Sources */ = {isa = PBXBuildFile; fileRef = 0AEBDA2920B25042005AD454 /* BusInfoViewController.swift */; };
		F633487F3AB54EF53E729C1C /* Pods_taipeipublic.framework in Frameworks */ = {isa = PBXBuildFile; fileRef = 534588B88CA253347B214A56 /* Pods_taipeipublic.framework */; };
/* End PBXBuildFile section */

/* Begin PBXFileReference section */
		0A09C40620AA90E1007D3EBE /* RouteTableViewCell.swift */ = {isa = PBXFileReference; lastKnownFileType = sourcecode.swift; path = RouteTableViewCell.swift; sourceTree = "<group>"; };
		0A09C40720AA90E1007D3EBE /* RouteTableViewCell.xib */ = {isa = PBXFileReference; lastKnownFileType = file.xib; path = RouteTableViewCell.xib; sourceTree = "<group>"; };
		0A15FBFB20C4D70900ABFAAD /* GoogleService-Info.plist */ = {isa = PBXFileReference; fileEncoding = 4; lastKnownFileType = text.plist.xml; path = "GoogleService-Info.plist"; sourceTree = "<group>"; };
		0A16D9E72099A6D600EEBB4F /* RouteManager.swift */ = {isa = PBXFileReference; lastKnownFileType = sourcecode.swift; path = RouteManager.swift; sourceTree = "<group>"; };
		0A16D9E92099C4BE00EEBB4F /* Route.swift */ = {isa = PBXFileReference; lastKnownFileType = sourcecode.swift; path = Route.swift; sourceTree = "<group>"; };
		0A33C0362096FC3D00C9ED7E /* Constant.swift */ = {isa = PBXFileReference; lastKnownFileType = sourcecode.swift; path = Constant.swift; sourceTree = "<group>"; };
		0A67E47B20A1511B00070EBD /* YouBikeStations.json */ = {isa = PBXFileReference; fileEncoding = 4; lastKnownFileType = text.json; path = YouBikeStations.json; sourceTree = "<group>"; };
		0A67E47D20A1519B00070EBD /* YoubikeManager.swift */ = {isa = PBXFileReference; lastKnownFileType = sourcecode.swift; path = YoubikeManager.swift; sourceTree = "<group>"; };
		0A6EDBE12096ADFF004BBF3C /* taipeipublic.app */ = {isa = PBXFileReference; explicitFileType = wrapper.application; includeInIndex = 0; path = taipeipublic.app; sourceTree = BUILT_PRODUCTS_DIR; };
		0A6EDBE42096AE00004BBF3C /* AppDelegate.swift */ = {isa = PBXFileReference; lastKnownFileType = sourcecode.swift; path = AppDelegate.swift; sourceTree = "<group>"; };
		0A6EDBE62096AE00004BBF3C /* MapViewController.swift */ = {isa = PBXFileReference; lastKnownFileType = sourcecode.swift; path = MapViewController.swift; sourceTree = "<group>"; };
		0A6EDBE92096AE00004BBF3C /* Base */ = {isa = PBXFileReference; lastKnownFileType = file.storyboard; name = Base; path = Base.lproj/Main.storyboard; sourceTree = "<group>"; };
		0A6EDBEB2096AE03004BBF3C /* Assets.xcassets */ = {isa = PBXFileReference; lastKnownFileType = folder.assetcatalog; path = Assets.xcassets; sourceTree = "<group>"; };
		0A6EDBEE2096AE03004BBF3C /* Base */ = {isa = PBXFileReference; lastKnownFileType = file.storyboard; name = Base; path = Base.lproj/LaunchScreen.storyboard; sourceTree = "<group>"; };
		0A6EDBF02096AE03004BBF3C /* Info.plist */ = {isa = PBXFileReference; lastKnownFileType = text.plist.xml; path = Info.plist; sourceTree = "<group>"; };
		0A8AD1D820AED52D00D91BE6 /* RouteDetailTableViewCell.swift */ = {isa = PBXFileReference; lastKnownFileType = sourcecode.swift; path = RouteDetailTableViewCell.swift; sourceTree = "<group>"; };
		0A8AD1D920AED52D00D91BE6 /* RouteDetailTableViewCell.xib */ = {isa = PBXFileReference; lastKnownFileType = file.xib; path = RouteDetailTableViewCell.xib; sourceTree = "<group>"; };
		0A900FFA20BD26B900EA412E /* taipeipublic-Bridging-Header.h */ = {isa = PBXFileReference; lastKnownFileType = sourcecode.c.h; path = "taipeipublic-Bridging-Header.h"; sourceTree = "<group>"; };
		0A900FFE20BD3E0700EA412E /* BusInfo.swift */ = {isa = PBXFileReference; fileEncoding = 4; lastKnownFileType = sourcecode.swift; path = BusInfo.swift; sourceTree = "<group>"; };
		0A90100020BE407A00EA412E /* BusStopInfoTableViewCell.swift */ = {isa = PBXFileReference; lastKnownFileType = sourcecode.swift; path = BusStopInfoTableViewCell.swift; sourceTree = "<group>"; };
		0A90100120BE407A00EA412E /* BusStopInfoTableViewCell.xib */ = {isa = PBXFileReference; lastKnownFileType = file.xib; path = BusStopInfoTableViewCell.xib; sourceTree = "<group>"; };
		0A90100A20C0D21200EA412E /* GoogleService-Info.plist */ = {isa = PBXFileReference; fileEncoding = 4; lastKnownFileType = text.plist.xml; path = "GoogleService-Info.plist"; sourceTree = "<group>"; };
		0AB819AB209AFB3700160842 /* RouteViewController.swift */ = {isa = PBXFileReference; lastKnownFileType = sourcecode.swift; path = RouteViewController.swift; sourceTree = "<group>"; };
		0AEBDA2920B25042005AD454 /* BusInfoViewController.swift */ = {isa = PBXFileReference; lastKnownFileType = sourcecode.swift; path = BusInfoViewController.swift; sourceTree = "<group>"; };
		1AE896B634DFA14F06023127 /* Pods-taipeipublic.release.xcconfig */ = {isa = PBXFileReference; includeInIndex = 1; lastKnownFileType = text.xcconfig; name = "Pods-taipeipublic.release.xcconfig"; path = "Pods/Target Support Files/Pods-taipeipublic/Pods-taipeipublic.release.xcconfig"; sourceTree = "<group>"; };
		534588B88CA253347B214A56 /* Pods_taipeipublic.framework */ = {isa = PBXFileReference; explicitFileType = wrapper.framework; includeInIndex = 0; path = Pods_taipeipublic.framework; sourceTree = BUILT_PRODUCTS_DIR; };
		7AE4647D95EDEB0E4801DA3A /* Pods-taipeipublic.debug.xcconfig */ = {isa = PBXFileReference; includeInIndex = 1; lastKnownFileType = text.xcconfig; name = "Pods-taipeipublic.debug.xcconfig"; path = "Pods/Target Support Files/Pods-taipeipublic/Pods-taipeipublic.debug.xcconfig"; sourceTree = "<group>"; };
/* End PBXFileReference section */

/* Begin PBXFrameworksBuildPhase section */
		0A6EDBDE2096ADFF004BBF3C /* Frameworks */ = {
			isa = PBXFrameworksBuildPhase;
			buildActionMask = 2147483647;
			files = (
				F633487F3AB54EF53E729C1C /* Pods_taipeipublic.framework in Frameworks */,
			);
			runOnlyForDeploymentPostprocessing = 0;
		};
/* End PBXFrameworksBuildPhase section */

/* Begin PBXGroup section */
		0A16D9E32099680000EEBB4F /* Controller */ = {
			isa = PBXGroup;
			children = (
				0A6EDBE62096AE00004BBF3C /* MapViewController.swift */,
				0AB819AB209AFB3700160842 /* RouteViewController.swift */,
				0AEBDA2920B25042005AD454 /* BusInfoViewController.swift */,
			);
			path = Controller;
			sourceTree = "<group>";
		};
		0A16D9E42099681300EEBB4F /* Model */ = {
			isa = PBXGroup;
			children = (
				0A900FFE20BD3E0700EA412E /* BusInfo.swift */,
				0A33C0362096FC3D00C9ED7E /* Constant.swift */,
				0A16D9E72099A6D600EEBB4F /* RouteManager.swift */,
				0A16D9E92099C4BE00EEBB4F /* Route.swift */,
				0A67E47B20A1511B00070EBD /* YouBikeStations.json */,
				0A67E47D20A1519B00070EBD /* YoubikeManager.swift */,
				0A900FFA20BD26B900EA412E /* taipeipublic-Bridging-Header.h */,
			);
			path = Model;
			sourceTree = "<group>";
		};
		0A16D9E52099683300EEBB4F /* View */ = {
			isa = PBXGroup;
			children = (
				0A09C40620AA90E1007D3EBE /* RouteTableViewCell.swift */,
				0A09C40720AA90E1007D3EBE /* RouteTableViewCell.xib */,
				0A8AD1D820AED52D00D91BE6 /* RouteDetailTableViewCell.swift */,
				0A8AD1D920AED52D00D91BE6 /* RouteDetailTableViewCell.xib */,
				0A90100020BE407A00EA412E /* BusStopInfoTableViewCell.swift */,
				0A90100120BE407A00EA412E /* BusStopInfoTableViewCell.xib */,
			);
			path = View;
			sourceTree = "<group>";
		};
		0A6EDBD82096ADFF004BBF3C = {
			isa = PBXGroup;
			children = (
				0A6EDBE32096ADFF004BBF3C /* taipeipublic */,
				0A6EDBE22096ADFF004BBF3C /* Products */,
				D3149E127504D6CEB898CCD3 /* Pods */,
				B932BCB6D553A847A5CE8DB9 /* Frameworks */,
			);
			sourceTree = "<group>";
		};
		0A6EDBE22096ADFF004BBF3C /* Products */ = {
			isa = PBXGroup;
			children = (
				0A6EDBE12096ADFF004BBF3C /* taipeipublic.app */,
			);
			name = Products;
			sourceTree = "<group>";
		};
		0A6EDBE32096ADFF004BBF3C /* taipeipublic */ = {
			isa = PBXGroup;
			children = (
				0A16D9E42099681300EEBB4F /* Model */,
				0A16D9E52099683300EEBB4F /* View */,
				0A16D9E32099680000EEBB4F /* Controller */,
				0A6EDBE42096AE00004BBF3C /* AppDelegate.swift */,
				0A6EDBE82096AE00004BBF3C /* Main.storyboard */,
				0A6EDBEB2096AE03004BBF3C /* Assets.xcassets */,
				0A6EDBED2096AE03004BBF3C /* LaunchScreen.storyboard */,
				0A6EDBF02096AE03004BBF3C /* Info.plist */,
				0A15FBFB20C4D70900ABFAAD /* GoogleService-Info.plist */,
				0A90100A20C0D21200EA412E /* GoogleService-Info.plist */,
			);
			path = taipeipublic;
			sourceTree = "<group>";
		};
		B932BCB6D553A847A5CE8DB9 /* Frameworks */ = {
			isa = PBXGroup;
			children = (
				534588B88CA253347B214A56 /* Pods_taipeipublic.framework */,
			);
			name = Frameworks;
			sourceTree = "<group>";
		};
		D3149E127504D6CEB898CCD3 /* Pods */ = {
			isa = PBXGroup;
			children = (
				7AE4647D95EDEB0E4801DA3A /* Pods-taipeipublic.debug.xcconfig */,
				1AE896B634DFA14F06023127 /* Pods-taipeipublic.release.xcconfig */,
			);
			name = Pods;
			sourceTree = "<group>";
		};
/* End PBXGroup section */

/* Begin PBXNativeTarget section */
		0A6EDBE02096ADFF004BBF3C /* taipeipublic */ = {
			isa = PBXNativeTarget;
			buildConfigurationList = 0A6EDBF32096AE03004BBF3C /* Build configuration list for PBXNativeTarget "taipeipublic" */;
			buildPhases = (
				A11C1108072732791A4EA101 /* [CP] Check Pods Manifest.lock */,
				0A16D9E620997E9400EEBB4F /* ShellScript */,
				0A6EDBDD2096ADFF004BBF3C /* Sources */,
				0A6EDBDE2096ADFF004BBF3C /* Frameworks */,
				0A6EDBDF2096ADFF004BBF3C /* Resources */,
				FCE7DD7CE6BEDEF0735229B2 /* [CP] Copy Pods Resources */,
				34DADA4CCD70F8618A3A3EBF /* [CP] Embed Pods Frameworks */,
				0AE5DEC720BBAE7A006A56EC /* ShellScript */,
			);
			buildRules = (
			);
			dependencies = (
			);
			name = taipeipublic;
			productName = taipeipublic;
			productReference = 0A6EDBE12096ADFF004BBF3C /* taipeipublic.app */;
			productType = "com.apple.product-type.application";
		};
/* End PBXNativeTarget section */

/* Begin PBXProject section */
		0A6EDBD92096ADFF004BBF3C /* Project object */ = {
			isa = PBXProject;
			attributes = {
				LastSwiftUpdateCheck = 0930;
				LastUpgradeCheck = 0930;
				ORGANIZATIONNAME = ChenAlan;
				TargetAttributes = {
					0A6EDBE02096ADFF004BBF3C = {
						CreatedOnToolsVersion = 9.3;
						LastSwiftMigration = 0930;
					};
				};
			};
			buildConfigurationList = 0A6EDBDC2096ADFF004BBF3C /* Build configuration list for PBXProject "taipeipublic" */;
			compatibilityVersion = "Xcode 9.3";
			developmentRegion = en;
			hasScannedForEncodings = 0;
			knownRegions = (
				en,
				Base,
			);
			mainGroup = 0A6EDBD82096ADFF004BBF3C;
			productRefGroup = 0A6EDBE22096ADFF004BBF3C /* Products */;
			projectDirPath = "";
			projectRoot = "";
			targets = (
				0A6EDBE02096ADFF004BBF3C /* taipeipublic */,
			);
		};
/* End PBXProject section */

/* Begin PBXResourcesBuildPhase section */
		0A6EDBDF2096ADFF004BBF3C /* Resources */ = {
			isa = PBXResourcesBuildPhase;
			buildActionMask = 2147483647;
			files = (
				0A6EDBEF2096AE03004BBF3C /* LaunchScreen.storyboard in Resources */,
				0A90100B20C0D21300EA412E /* GoogleService-Info.plist in Resources */,
				0A15FBFC20C4D70900ABFAAD /* GoogleService-Info.plist in Resources */,
				0A67E47C20A1511B00070EBD /* YouBikeStations.json in Resources */,
				0A8AD1DB20AED52E00D91BE6 /* RouteDetailTableViewCell.xib in Resources */,
				0A6EDBEC2096AE03004BBF3C /* Assets.xcassets in Resources */,
				0A90100320BE407B00EA412E /* BusStopInfoTableViewCell.xib in Resources */,
				0A6EDBEA2096AE00004BBF3C /* Main.storyboard in Resources */,
				0A09C40920AA90E1007D3EBE /* RouteTableViewCell.xib in Resources */,
			);
			runOnlyForDeploymentPostprocessing = 0;
		};
/* End PBXResourcesBuildPhase section */

/* Begin PBXShellScriptBuildPhase section */
		0A16D9E620997E9400EEBB4F /* ShellScript */ = {
			isa = PBXShellScriptBuildPhase;
			buildActionMask = 2147483647;
			files = (
			);
			inputPaths = (
			);
			outputPaths = (
			);
			runOnlyForDeploymentPostprocessing = 0;
			shellPath = /bin/sh;
			shellScript = "\"${PODS_ROOT}/SwiftLint/swiftlint\"";
		};
		0AE5DEC720BBAE7A006A56EC /* ShellScript */ = {
			isa = PBXShellScriptBuildPhase;
			buildActionMask = 2147483647;
			files = (
			);
			inputPaths = (
			);
			outputPaths = (
			);
			runOnlyForDeploymentPostprocessing = 0;
			shellPath = /bin/sh;
			shellScript = "\"${PODS_ROOT}/Fabric/run\" f4360331a67700d9fffb6d992b02c9c556433aca b74003af166c1f00b47f7eaf4af526ac6eebba9dba29003af5085d0e0a518243";
		};
		34DADA4CCD70F8618A3A3EBF /* [CP] Embed Pods Frameworks */ = {
			isa = PBXShellScriptBuildPhase;
			buildActionMask = 2147483647;
			files = (
			);
			inputPaths = (
				"${SRCROOT}/Pods/Target Support Files/Pods-taipeipublic/Pods-taipeipublic-frameworks.sh",
				"${BUILT_PRODUCTS_DIR}/Alamofire/Alamofire.framework",
				"${BUILT_PRODUCTS_DIR}/GoogleToolboxForMac/GoogleToolboxForMac.framework",
				"${BUILT_PRODUCTS_DIR}/nanopb/nanopb.framework",
			);
			name = "[CP] Embed Pods Frameworks";
			outputPaths = (
				"${TARGET_BUILD_DIR}/${FRAMEWORKS_FOLDER_PATH}/Alamofire.framework",
				"${TARGET_BUILD_DIR}/${FRAMEWORKS_FOLDER_PATH}/GoogleToolboxForMac.framework",
				"${TARGET_BUILD_DIR}/${FRAMEWORKS_FOLDER_PATH}/nanopb.framework",
			);
			runOnlyForDeploymentPostprocessing = 0;
			shellPath = /bin/sh;
			shellScript = "\"${SRCROOT}/Pods/Target Support Files/Pods-taipeipublic/Pods-taipeipublic-frameworks.sh\"\n";
			showEnvVarsInLog = 0;
		};
		A11C1108072732791A4EA101 /* [CP] Check Pods Manifest.lock */ = {
			isa = PBXShellScriptBuildPhase;
			buildActionMask = 2147483647;
			files = (
			);
			inputPaths = (
				"${PODS_PODFILE_DIR_PATH}/Podfile.lock",
				"${PODS_ROOT}/Manifest.lock",
			);
			name = "[CP] Check Pods Manifest.lock";
			outputPaths = (
				"$(DERIVED_FILE_DIR)/Pods-taipeipublic-checkManifestLockResult.txt",
			);
			runOnlyForDeploymentPostprocessing = 0;
			shellPath = /bin/sh;
			shellScript = "diff \"${PODS_PODFILE_DIR_PATH}/Podfile.lock\" \"${PODS_ROOT}/Manifest.lock\" > /dev/null\nif [ $? != 0 ] ; then\n    # print error to STDERR\n    echo \"error: The sandbox is not in sync with the Podfile.lock. Run 'pod install' or update your CocoaPods installation.\" >&2\n    exit 1\nfi\n# This output is used by Xcode 'outputs' to avoid re-running this script phase.\necho \"SUCCESS\" > \"${SCRIPT_OUTPUT_FILE_0}\"\n";
			showEnvVarsInLog = 0;
		};
		FCE7DD7CE6BEDEF0735229B2 /* [CP] Copy Pods Resources */ = {
			isa = PBXShellScriptBuildPhase;
			buildActionMask = 2147483647;
			files = (
			);
			inputPaths = (
				"${SRCROOT}/Pods/Target Support Files/Pods-taipeipublic/Pods-taipeipublic-resources.sh",
				"${PODS_ROOT}/GoogleMaps/Maps/Frameworks/GoogleMaps.framework/Resources/GoogleMaps.bundle",
				"${PODS_ROOT}/GooglePlaces/Frameworks/GooglePlaces.framework/Resources/GooglePlaces.bundle",
			);
			name = "[CP] Copy Pods Resources";
			outputPaths = (
				"${TARGET_BUILD_DIR}/${UNLOCALIZED_RESOURCES_FOLDER_PATH}/GoogleMaps.bundle",
				"${TARGET_BUILD_DIR}/${UNLOCALIZED_RESOURCES_FOLDER_PATH}/GooglePlaces.bundle",
			);
			runOnlyForDeploymentPostprocessing = 0;
			shellPath = /bin/sh;
			shellScript = "\"${SRCROOT}/Pods/Target Support Files/Pods-taipeipublic/Pods-taipeipublic-resources.sh\"\n";
			showEnvVarsInLog = 0;
		};
/* End PBXShellScriptBuildPhase section */

/* Begin PBXSourcesBuildPhase section */
		0A6EDBDD2096ADFF004BBF3C /* Sources */ = {
			isa = PBXSourcesBuildPhase;
			buildActionMask = 2147483647;
			files = (
				0A90100220BE407B00EA412E /* BusStopInfoTableViewCell.swift in Sources */,
				0A900FFF20BD3E0700EA412E /* BusInfo.swift in Sources */,
				0A6EDBE72096AE00004BBF3C /* MapViewController.swift in Sources */,
				0AEBDA2A20B25042005AD454 /* BusInfoViewController.swift in Sources */,
				0A6EDBE52096AE00004BBF3C /* AppDelegate.swift in Sources */,
				0AB819AC209AFB3700160842 /* RouteViewController.swift in Sources */,
				0A33C0372096FC3D00C9ED7E /* Constant.swift in Sources */,
				0A16D9EA2099C4BE00EEBB4F /* Route.swift in Sources */,
				0A09C40820AA90E1007D3EBE /* RouteTableViewCell.swift in Sources */,
				0A8AD1DA20AED52E00D91BE6 /* RouteDetailTableViewCell.swift in Sources */,
				0A67E47E20A1519B00070EBD /* YoubikeManager.swift in Sources */,
				0A16D9E82099A6D600EEBB4F /* RouteManager.swift in Sources */,
			);
			runOnlyForDeploymentPostprocessing = 0;
		};
/* End PBXSourcesBuildPhase section */

/* Begin PBXVariantGroup section */
		0A6EDBE82096AE00004BBF3C /* Main.storyboard */ = {
			isa = PBXVariantGroup;
			children = (
				0A6EDBE92096AE00004BBF3C /* Base */,
			);
			name = Main.storyboard;
			sourceTree = "<group>";
		};
		0A6EDBED2096AE03004BBF3C /* LaunchScreen.storyboard */ = {
			isa = PBXVariantGroup;
			children = (
				0A6EDBEE2096AE03004BBF3C /* Base */,
			);
			name = LaunchScreen.storyboard;
			sourceTree = "<group>";
		};
/* End PBXVariantGroup section */

/* Begin XCBuildConfiguration section */
		0A6EDBF12096AE03004BBF3C /* Debug */ = {
			isa = XCBuildConfiguration;
			buildSettings = {
				ALWAYS_SEARCH_USER_PATHS = NO;
				CLANG_ANALYZER_NONNULL = YES;
				CLANG_ANALYZER_NUMBER_OBJECT_CONVERSION = YES_AGGRESSIVE;
				CLANG_CXX_LANGUAGE_STANDARD = "gnu++14";
				CLANG_CXX_LIBRARY = "libc++";
				CLANG_ENABLE_MODULES = YES;
				CLANG_ENABLE_OBJC_ARC = YES;
				CLANG_ENABLE_OBJC_WEAK = YES;
				CLANG_WARN_BLOCK_CAPTURE_AUTORELEASING = YES;
				CLANG_WARN_BOOL_CONVERSION = YES;
				CLANG_WARN_COMMA = YES;
				CLANG_WARN_CONSTANT_CONVERSION = YES;
				CLANG_WARN_DEPRECATED_OBJC_IMPLEMENTATIONS = YES;
				CLANG_WARN_DIRECT_OBJC_ISA_USAGE = YES_ERROR;
				CLANG_WARN_DOCUMENTATION_COMMENTS = YES;
				CLANG_WARN_EMPTY_BODY = YES;
				CLANG_WARN_ENUM_CONVERSION = YES;
				CLANG_WARN_INFINITE_RECURSION = YES;
				CLANG_WARN_INT_CONVERSION = YES;
				CLANG_WARN_NON_LITERAL_NULL_CONVERSION = YES;
				CLANG_WARN_OBJC_IMPLICIT_RETAIN_SELF = YES;
				CLANG_WARN_OBJC_LITERAL_CONVERSION = YES;
				CLANG_WARN_OBJC_ROOT_CLASS = YES_ERROR;
				CLANG_WARN_RANGE_LOOP_ANALYSIS = YES;
				CLANG_WARN_STRICT_PROTOTYPES = YES;
				CLANG_WARN_SUSPICIOUS_MOVE = YES;
				CLANG_WARN_UNGUARDED_AVAILABILITY = YES_AGGRESSIVE;
				CLANG_WARN_UNREACHABLE_CODE = YES;
				CLANG_WARN__DUPLICATE_METHOD_MATCH = YES;
				CODE_SIGN_IDENTITY = "iPhone Developer";
				COPY_PHASE_STRIP = NO;
				DEBUG_INFORMATION_FORMAT = dwarf;
				ENABLE_STRICT_OBJC_MSGSEND = YES;
				ENABLE_TESTABILITY = YES;
				GCC_C_LANGUAGE_STANDARD = gnu11;
				GCC_DYNAMIC_NO_PIC = NO;
				GCC_NO_COMMON_BLOCKS = YES;
				GCC_OPTIMIZATION_LEVEL = 0;
				GCC_PREPROCESSOR_DEFINITIONS = (
					"DEBUG=1",
					"$(inherited)",
				);
				GCC_WARN_64_TO_32_BIT_CONVERSION = YES;
				GCC_WARN_ABOUT_RETURN_TYPE = YES_ERROR;
				GCC_WARN_UNDECLARED_SELECTOR = YES;
				GCC_WARN_UNINITIALIZED_AUTOS = YES_AGGRESSIVE;
				GCC_WARN_UNUSED_FUNCTION = YES;
				GCC_WARN_UNUSED_VARIABLE = YES;
				IPHONEOS_DEPLOYMENT_TARGET = 11.3;
				MTL_ENABLE_DEBUG_INFO = YES;
				ONLY_ACTIVE_ARCH = YES;
				SDKROOT = iphoneos;
				SWIFT_ACTIVE_COMPILATION_CONDITIONS = DEBUG;
				SWIFT_OPTIMIZATION_LEVEL = "-Onone";
			};
			name = Debug;
		};
		0A6EDBF22096AE03004BBF3C /* Release */ = {
			isa = XCBuildConfiguration;
			buildSettings = {
				ALWAYS_SEARCH_USER_PATHS = NO;
				CLANG_ANALYZER_NONNULL = YES;
				CLANG_ANALYZER_NUMBER_OBJECT_CONVERSION = YES_AGGRESSIVE;
				CLANG_CXX_LANGUAGE_STANDARD = "gnu++14";
				CLANG_CXX_LIBRARY = "libc++";
				CLANG_ENABLE_MODULES = YES;
				CLANG_ENABLE_OBJC_ARC = YES;
				CLANG_ENABLE_OBJC_WEAK = YES;
				CLANG_WARN_BLOCK_CAPTURE_AUTORELEASING = YES;
				CLANG_WARN_BOOL_CONVERSION = YES;
				CLANG_WARN_COMMA = YES;
				CLANG_WARN_CONSTANT_CONVERSION = YES;
				CLANG_WARN_DEPRECATED_OBJC_IMPLEMENTATIONS = YES;
				CLANG_WARN_DIRECT_OBJC_ISA_USAGE = YES_ERROR;
				CLANG_WARN_DOCUMENTATION_COMMENTS = YES;
				CLANG_WARN_EMPTY_BODY = YES;
				CLANG_WARN_ENUM_CONVERSION = YES;
				CLANG_WARN_INFINITE_RECURSION = YES;
				CLANG_WARN_INT_CONVERSION = YES;
				CLANG_WARN_NON_LITERAL_NULL_CONVERSION = YES;
				CLANG_WARN_OBJC_IMPLICIT_RETAIN_SELF = YES;
				CLANG_WARN_OBJC_LITERAL_CONVERSION = YES;
				CLANG_WARN_OBJC_ROOT_CLASS = YES_ERROR;
				CLANG_WARN_RANGE_LOOP_ANALYSIS = YES;
				CLANG_WARN_STRICT_PROTOTYPES = YES;
				CLANG_WARN_SUSPICIOUS_MOVE = YES;
				CLANG_WARN_UNGUARDED_AVAILABILITY = YES_AGGRESSIVE;
				CLANG_WARN_UNREACHABLE_CODE = YES;
				CLANG_WARN__DUPLICATE_METHOD_MATCH = YES;
				CODE_SIGN_IDENTITY = "iPhone Developer";
				COPY_PHASE_STRIP = NO;
				DEBUG_INFORMATION_FORMAT = "dwarf-with-dsym";
				ENABLE_NS_ASSERTIONS = NO;
				ENABLE_STRICT_OBJC_MSGSEND = YES;
				GCC_C_LANGUAGE_STANDARD = gnu11;
				GCC_NO_COMMON_BLOCKS = YES;
				GCC_WARN_64_TO_32_BIT_CONVERSION = YES;
				GCC_WARN_ABOUT_RETURN_TYPE = YES_ERROR;
				GCC_WARN_UNDECLARED_SELECTOR = YES;
				GCC_WARN_UNINITIALIZED_AUTOS = YES_AGGRESSIVE;
				GCC_WARN_UNUSED_FUNCTION = YES;
				GCC_WARN_UNUSED_VARIABLE = YES;
				IPHONEOS_DEPLOYMENT_TARGET = 11.3;
				MTL_ENABLE_DEBUG_INFO = NO;
				SDKROOT = iphoneos;
				SWIFT_COMPILATION_MODE = wholemodule;
				SWIFT_OPTIMIZATION_LEVEL = "-O";
				VALIDATE_PRODUCT = YES;
			};
			name = Release;
		};
		0A6EDBF42096AE03004BBF3C /* Debug */ = {
			isa = XCBuildConfiguration;
			baseConfigurationReference = 7AE4647D95EDEB0E4801DA3A /* Pods-taipeipublic.debug.xcconfig */;
			buildSettings = {
				ASSETCATALOG_COMPILER_APPICON_NAME = AppIcon;
				CLANG_ENABLE_MODULES = YES;
				CODE_SIGN_STYLE = Automatic;
				DEVELOPMENT_TEAM = 9VPGGN82CW;
				INFOPLIST_FILE = taipeipublic/Info.plist;
				IPHONEOS_DEPLOYMENT_TARGET = 11.0;
				LD_RUNPATH_SEARCH_PATHS = (
					"$(inherited)",
					"@executable_path/Frameworks",
				);
				PRODUCT_BUNDLE_IDENTIFIER = com.ChenAlan.taipeipublic;
				PRODUCT_NAME = "$(TARGET_NAME)";
				SWIFT_OBJC_BRIDGING_HEADER = "taipeipublic/Model/taipeipublic-Bridging-Header.h";
				SWIFT_OPTIMIZATION_LEVEL = "-Onone";
				SWIFT_VERSION = 4.0;
				TARGETED_DEVICE_FAMILY = 1;
			};
			name = Debug;
		};
		0A6EDBF52096AE03004BBF3C /* Release */ = {
			isa = XCBuildConfiguration;
			baseConfigurationReference = 1AE896B634DFA14F06023127 /* Pods-taipeipublic.release.xcconfig */;
			buildSettings = {
				ASSETCATALOG_COMPILER_APPICON_NAME = AppIcon;
				CLANG_ENABLE_MODULES = YES;
				CODE_SIGN_STYLE = Automatic;
				DEVELOPMENT_TEAM = 9VPGGN82CW;
				INFOPLIST_FILE = taipeipublic/Info.plist;
				IPHONEOS_DEPLOYMENT_TARGET = 11.0;
				LD_RUNPATH_SEARCH_PATHS = (
					"$(inherited)",
					"@executable_path/Frameworks",
				);
				PRODUCT_BUNDLE_IDENTIFIER = com.ChenAlan.taipeipublic;
				PRODUCT_NAME = "$(TARGET_NAME)";
				SWIFT_OBJC_BRIDGING_HEADER = "taipeipublic/Model/taipeipublic-Bridging-Header.h";
				SWIFT_VERSION = 4.0;
				TARGETED_DEVICE_FAMILY = 1;
			};
			name = Release;
		};
/* End XCBuildConfiguration section */

/* Begin XCConfigurationList section */
		0A6EDBDC2096ADFF004BBF3C /* Build configuration list for PBXProject "taipeipublic" */ = {
			isa = XCConfigurationList;
			buildConfigurations = (
				0A6EDBF12096AE03004BBF3C /* Debug */,
				0A6EDBF22096AE03004BBF3C /* Release */,
			);
			defaultConfigurationIsVisible = 0;
			defaultConfigurationName = Release;
		};
		0A6EDBF32096AE03004BBF3C /* Build configuration list for PBXNativeTarget "taipeipublic" */ = {
			isa = XCConfigurationList;
			buildConfigurations = (
				0A6EDBF42096AE03004BBF3C /* Debug */,
				0A6EDBF52096AE03004BBF3C /* Release */,
			);
			defaultConfigurationIsVisible = 0;
			defaultConfigurationName = Release;
		};
/* End XCConfigurationList section */
	};
	rootObject = 0A6EDBD92096ADFF004BBF3C /* Project object */;
}
